
Microsoft Visual Studio Solution File, Format Version 12.00
# Visual Studio 15
VisualStudioVersion = 15.0.26730.15
MinimumVisualStudioVersion = 10.0.40219.1
Project("{FAE04EC0-301F-11D3-BF4B-00C04F79EFBC}") = "DealerOn.SalesTax", "DealerOn.SalesTax\DealerOn.SalesTax.csproj", "{EF30FBAB-AB41-496B-A6CD-08B3D2E7BDCE}"
EndProject
Project("{FAE04EC0-301F-11D3-BF4B-00C04F79EFBC}") = "DealerOn.Data", "DealerOn.Data\DealerOn.Data.csproj", "{D43424FC-7DC5-4EE2-BE59-3AD119752E76}"
EndProject
Project("{FAE04EC0-301F-11D3-BF4B-00C04F79EFBC}") = "DealerOn.Helpers", "DealerOn.Helpers\DealerOn.Helpers.csproj", "{2932C181-1460-42EB-B492-EC52DB054CB4}"
EndProject
Project("{FAE04EC0-301F-11D3-BF4B-00C04F79EFBC}") = "DealerOn.Business", "DealerOn.Business\DealerOn.Business.csproj", "{0AAB3707-B7D5-4AD1-991B-BED19831D483}"
EndProject
Project("{FAE04EC0-301F-11D3-BF4B-00C04F79EFBC}") = "DealerOn.Web", "DealerOn.Web\DealerOn.Web.csproj", "{7ADA421E-40CA-4D5A-9B76-B91622778149}"
EndProject
Project("{FAE04EC0-301F-11D3-BF4B-00C04F79EFBC}") = "DealerOn.Web.Tests", "DealerOn.Web.Tests\DealerOn.Web.Tests.csproj", "{0B8D6CBF-5107-4723-BE79-B7ACCD921E9A}"
EndProject
Global
	GlobalSection(SolutionConfigurationPlatforms) = preSolution
		Debug|Any CPU = Debug|Any CPU
		Release|Any CPU = Release|Any CPU
	EndGlobalSection
	GlobalSection(ProjectConfigurationPlatforms) = postSolution
		{EF30FBAB-AB41-496B-A6CD-08B3D2E7BDCE}.Debug|Any CPU.ActiveCfg = Debug|Any CPU
		{EF30FBAB-AB41-496B-A6CD-08B3D2E7BDCE}.Debug|Any CPU.Build.0 = Debug|Any CPU
		{EF30FBAB-AB41-496B-A6CD-08B3D2E7BDCE}.Release|Any CPU.ActiveCfg = Release|Any CPU
		{EF30FBAB-AB41-496B-A6CD-08B3D2E7BDCE}.Release|Any CPU.Build.0 = Release|Any CPU
		{D43424FC-7DC5-4EE2-BE59-3AD119752E76}.Debug|Any CPU.ActiveCfg = Debug|Any CPU
		{D43424FC-7DC5-4EE2-BE59-3AD119752E76}.Debug|Any CPU.Build.0 = Debug|Any CPU
		{D43424FC-7DC5-4EE2-BE59-3AD119752E76}.Release|Any CPU.ActiveCfg = Release|Any CPU
		{D43424FC-7DC5-4EE2-BE59-3AD119752E76}.Release|Any CPU.Build.0 = Release|Any CPU
		{2932C181-1460-42EB-B492-EC52DB054CB4}.Debug|Any CPU.ActiveCfg = Debug|Any CPU
		{2932C181-1460-42EB-B492-EC52DB054CB4}.Debug|Any CPU.Build.0 = Debug|Any CPU
		{2932C181-1460-42EB-B492-EC52DB054CB4}.Release|Any CPU.ActiveCfg = Release|Any CPU
		{2932C181-1460-42EB-B492-EC52DB054CB4}.Release|Any CPU.Build.0 = Release|Any CPU
		{0AAB3707-B7D5-4AD1-991B-BED19831D483}.Debug|Any CPU.ActiveCfg = Debug|Any CPU
		{0AAB3707-B7D5-4AD1-991B-BED19831D483}.Debug|Any CPU.Build.0 = Debug|Any CPU
		{0AAB3707-B7D5-4AD1-991B-BED19831D483}.Release|Any CPU.ActiveCfg = Release|Any CPU
		{0AAB3707-B7D5-4AD1-991B-BED19831D483}.Release|Any CPU.Build.0 = Release|Any CPU
		{7ADA421E-40CA-4D5A-9B76-B91622778149}.Debug|Any CPU.ActiveCfg = Debug|Any CPU
		{7ADA421E-40CA-4D5A-9B76-B91622778149}.Debug|Any CPU.Build.0 = Debug|Any CPU
		{7ADA421E-40CA-4D5A-9B76-B91622778149}.Release|Any CPU.ActiveCfg = Release|Any CPU
		{7ADA421E-40CA-4D5A-9B76-B91622778149}.Release|Any CPU.Build.0 = Release|Any CPU
		{0B8D6CBF-5107-4723-BE79-B7ACCD921E9A}.Debug|Any CPU.ActiveCfg = Debug|Any CPU
		{0B8D6CBF-5107-4723-BE79-B7ACCD921E9A}.Debug|Any CPU.Build.0 = Debug|Any CPU
		{0B8D6CBF-5107-4723-BE79-B7ACCD921E9A}.Release|Any CPU.ActiveCfg = Release|Any CPU
		{0B8D6CBF-5107-4723-BE79-B7ACCD921E9A}.Release|Any CPU.Build.0 = Release|Any CPU
	EndGlobalSection
	GlobalSection(SolutionProperties) = preSolution
		HideSolutionNode = FALSE
	EndGlobalSection
	GlobalSection(ExtensibilityGlobals) = postSolution
		SolutionGuid = {0ACC3878-3DFB-4BDF-8DB3-9246C4A87F78}
	EndGlobalSection
EndGlobal
